
Microsoft Visual Studio Solution File, Format Version 12.00
# Visual Studio Version 16
VisualStudioVersion = 16.0.31105.61
MinimumVisualStudioVersion = 10.0.40219.1
Project("{9A19103F-16F7-4668-BE54-9A1E7A4F7556}") = "kontacto-api", "kontacto-api.csproj", "{63E81E5F-D106-473D-AC70-A591FC9CA4A1}"
EndProject
Global
	GlobalSection(SolutionConfigurationPlatforms) = preSolution
		Debug|Any CPU = Debug|Any CPU
		Release|Any CPU = Release|Any CPU
	EndGlobalSection
	GlobalSection(ProjectConfigurationPlatforms) = postSolution
		{63E81E5F-D106-473D-AC70-A591FC9CA4A1}.Debug|Any CPU.ActiveCfg = Debug|Any CPU
		{63E81E5F-D106-473D-AC70-A591FC9CA4A1}.Debug|Any CPU.Build.0 = Debug|Any CPU
		{63E81E5F-D106-473D-AC70-A591FC9CA4A1}.Release|Any CPU.ActiveCfg = Release|Any CPU
		{63E81E5F-D106-473D-AC70-A591FC9CA4A1}.Release|Any CPU.Build.0 = Release|Any CPU
	EndGlobalSection
	GlobalSection(SolutionProperties) = preSolution
		HideSolutionNode = FALSE
	EndGlobalSection
	GlobalSection(ExtensibilityGlobals) = postSolution
		SolutionGuid = {BA5F6C69-E741-4437-B6AB-43F36B73F7A8}
	EndGlobalSection
EndGlobal
